
Microsoft Visual Studio Solution File, Format Version 12.00
# Visual Studio Version 16
VisualStudioVersion = 16.0.29215.179
MinimumVisualStudioVersion = 10.0.40219.1
Project("{9A19103F-16F7-4668-BE54-9A1E7A4F7556}") = "DatesCorrector", "DatesCorrector\DatesCorrector.csproj", "{4F20C4E3-38DE-4D22-9C4C-18254524CB76}"
EndProject
Global
	GlobalSection(SolutionConfigurationPlatforms) = preSolution
		Debug|Any CPU = Debug|Any CPU
		Release|Any CPU = Release|Any CPU
	EndGlobalSection
	GlobalSection(ProjectConfigurationPlatforms) = postSolution
		{4F20C4E3-38DE-4D22-9C4C-18254524CB76}.Debug|Any CPU.ActiveCfg = Debug|Any CPU
		{4F20C4E3-38DE-4D22-9C4C-18254524CB76}.Debug|Any CPU.Build.0 = Debug|Any CPU
		{4F20C4E3-38DE-4D22-9C4C-18254524CB76}.Release|Any CPU.ActiveCfg = Release|Any CPU
		{4F20C4E3-38DE-4D22-9C4C-18254524CB76}.Release|Any CPU.Build.0 = Release|Any CPU
	EndGlobalSection
	GlobalSection(SolutionProperties) = preSolution
		HideSolutionNode = FALSE
	EndGlobalSection
	GlobalSection(ExtensibilityGlobals) = postSolution
		SolutionGuid = {72435174-D843-4BDE-A2C9-ADB19B6DA06A}
	EndGlobalSection
EndGlobal
